// !$*UTF8*$!
{
	archiveVersion = 1;
	classes = {
	};
	objectVersion = 55;
	objects = {

/* Begin PBXBuildFile section */
		0AE846D927F50BEB004637C5 /* Tests_iOS.swift in Sources */ = {isa = PBXBuildFile; fileRef = 0AE846D827F50BEB004637C5 /* Tests_iOS.swift */; };
		0AE846DB27F50BEB004637C5 /* Tests_iOSLaunchTests.swift in Sources */ = {isa = PBXBuildFile; fileRef = 0AE846DA27F50BEB004637C5 /* Tests_iOSLaunchTests.swift */; };
		0AE846E527F50BEB004637C5 /* Tests_macOS.swift in Sources */ = {isa = PBXBuildFile; fileRef = 0AE846E427F50BEB004637C5 /* Tests_macOS.swift */; };
		0AE846E727F50BEB004637C5 /* Tests_macOSLaunchTests.swift in Sources */ = {isa = PBXBuildFile; fileRef = 0AE846E627F50BEB004637C5 /* Tests_macOSLaunchTests.swift */; };
		0AE846E827F50BEB004637C5 /* NuclearatorApp.swift in Sources */ = {isa = PBXBuildFile; fileRef = 0AE846C027F50BE9004637C5 /* NuclearatorApp.swift */; };
		0AE846E927F50BEB004637C5 /* NuclearatorApp.swift in Sources */ = {isa = PBXBuildFile; fileRef = 0AE846C027F50BE9004637C5 /* NuclearatorApp.swift */; };
		0AE846EA27F50BEB004637C5 /* ContentView.swift in Sources */ = {isa = PBXBuildFile; fileRef = 0AE846C127F50BE9004637C5 /* ContentView.swift */; };
		0AE846EB27F50BEB004637C5 /* ContentView.swift in Sources */ = {isa = PBXBuildFile; fileRef = 0AE846C127F50BE9004637C5 /* ContentView.swift */; };
		0AE846EC27F50BEB004637C5 /* Assets.xcassets in Resources */ = {isa = PBXBuildFile; fileRef = 0AE846C227F50BEB004637C5 /* Assets.xcassets */; };
		0AE846ED27F50BEB004637C5 /* Assets.xcassets in Resources */ = {isa = PBXBuildFile; fileRef = 0AE846C227F50BEB004637C5 /* Assets.xcassets */; };
/* End PBXBuildFile section */

/* Begin PBXContainerItemProxy section */
		0AE846D527F50BEB004637C5 /* PBXContainerItemProxy */ = {
			isa = PBXContainerItemProxy;
			containerPortal = 0AE846BB27F50BE9004637C5 /* Project object */;
			proxyType = 1;
			remoteGlobalIDString = 0AE846C627F50BEB004637C5;
			remoteInfo = "Nuclearator (iOS)";
		};
		0AE846E127F50BEB004637C5 /* PBXContainerItemProxy */ = {
			isa = PBXContainerItemProxy;
			containerPortal = 0AE846BB27F50BE9004637C5 /* Project object */;
			proxyType = 1;
			remoteGlobalIDString = 0AE846CC27F50BEB004637C5;
			remoteInfo = "Nuclearator (macOS)";
		};
/* End PBXContainerItemProxy section */

/* Begin PBXFileReference section */
		0AE846C027F50BE9004637C5 /* NuclearatorApp.swift */ = {isa = PBXFileReference; lastKnownFileType = sourcecode.swift; path = NuclearatorApp.swift; sourceTree = "<group>"; };
		0AE846C127F50BE9004637C5 /* ContentView.swift */ = {isa = PBXFileReference; lastKnownFileType = sourcecode.swift; path = ContentView.swift; sourceTree = "<group>"; };
		0AE846C227F50BEB004637C5 /* Assets.xcassets */ = {isa = PBXFileReference; lastKnownFileType = folder.assetcatalog; path = Assets.xcassets; sourceTree = "<group>"; };
		0AE846C727F50BEB004637C5 /* Nuclearator.app */ = {isa = PBXFileReference; explicitFileType = wrapper.application; includeInIndex = 0; path = Nuclearator.app; sourceTree = BUILT_PRODUCTS_DIR; };
		0AE846CD27F50BEB004637C5 /* Nuclearator.app */ = {isa = PBXFileReference; explicitFileType = wrapper.application; includeInIndex = 0; path = Nuclearator.app; sourceTree = BUILT_PRODUCTS_DIR; };
		0AE846CF27F50BEB004637C5 /* macOS.entitlements */ = {isa = PBXFileReference; lastKnownFileType = text.plist.entitlements; path = macOS.entitlements; sourceTree = "<group>"; };
		0AE846D427F50BEB004637C5 /* Tests iOS.xctest */ = {isa = PBXFileReference; explicitFileType = wrapper.cfbundle; includeInIndex = 0; path = "Tests iOS.xctest"; sourceTree = BUILT_PRODUCTS_DIR; };
		0AE846D827F50BEB004637C5 /* Tests_iOS.swift */ = {isa = PBXFileReference; lastKnownFileType = sourcecode.swift; path = Tests_iOS.swift; sourceTree = "<group>"; };
		0AE846DA27F50BEB004637C5 /* Tests_iOSLaunchTests.swift */ = {isa = PBXFileReference; lastKnownFileType = sourcecode.swift; path = Tests_iOSLaunchTests.swift; sourceTree = "<group>"; };
		0AE846E027F50BEB004637C5 /* Tests macOS.xctest */ = {isa = PBXFileReference; explicitFileType = wrapper.cfbundle; includeInIndex = 0; path = "Tests macOS.xctest"; sourceTree = BUILT_PRODUCTS_DIR; };
		0AE846E427F50BEB004637C5 /* Tests_macOS.swift */ = {isa = PBXFileReference; lastKnownFileType = sourcecode.swift; path = Tests_macOS.swift; sourceTree = "<group>"; };
		0AE846E627F50BEB004637C5 /* Tests_macOSLaunchTests.swift */ = {isa = PBXFileReference; lastKnownFileType = sourcecode.swift; path = Tests_macOSLaunchTests.swift; sourceTree = "<group>"; };
/* End PBXFileReference section */

/* Begin PBXFrameworksBuildPhase section */
		0AE846C427F50BEB004637C5 /* Frameworks */ = {
			isa = PBXFrameworksBuildPhase;
			buildActionMask = 2147483647;
			files = (
			);
			runOnlyForDeploymentPostprocessing = 0;
		};
		0AE846CA27F50BEB004637C5 /* Frameworks */ = {
			isa = PBXFrameworksBuildPhase;
			buildActionMask = 2147483647;
			files = (
			);
			runOnlyForDeploymentPostprocessing = 0;
		};
		0AE846D127F50BEB004637C5 /* Frameworks */ = {
			isa = PBXFrameworksBuildPhase;
			buildActionMask = 2147483647;
			files = (
			);
			runOnlyForDeploymentPostprocessing = 0;
		};
		0AE846DD27F50BEB004637C5 /* Frameworks */ = {
			isa = PBXFrameworksBuildPhase;
			buildActionMask = 2147483647;
			files = (
			);
			runOnlyForDeploymentPostprocessing = 0;
		};
/* End PBXFrameworksBuildPhase section */

/* Begin PBXGroup section */
		0AE846BA27F50BE9004637C5 = {
			isa = PBXGroup;
			children = (
				0AE846BF27F50BE9004637C5 /* Shared */,
				0AE846CE27F50BEB004637C5 /* macOS */,
				0AE846D727F50BEB004637C5 /* Tests iOS */,
				0AE846E327F50BEB004637C5 /* Tests macOS */,
				0AE846C827F50BEB004637C5 /* Products */,
			);
			sourceTree = "<group>";
		};
		0AE846BF27F50BE9004637C5 /* Shared */ = {
			isa = PBXGroup;
			children = (
				0AE846C027F50BE9004637C5 /* NuclearatorApp.swift */,
				0AE846C127F50BE9004637C5 /* ContentView.swift */,
				0AE846C227F50BEB004637C5 /* Assets.xcassets */,
			);
			path = Shared;
			sourceTree = "<group>";
		};
		0AE846C827F50BEB004637C5 /* Products */ = {
			isa = PBXGroup;
			children = (
				0AE846C727F50BEB004637C5 /* Nuclearator.app */,
				0AE846CD27F50BEB004637C5 /* Nuclearator.app */,
				0AE846D427F50BEB004637C5 /* Tests iOS.xctest */,
				0AE846E027F50BEB004637C5 /* Tests macOS.xctest */,
			);
			name = Products;
			sourceTree = "<group>";
		};
		0AE846CE27F50BEB004637C5 /* macOS */ = {
			isa = PBXGroup;
			children = (
				0AE846CF27F50BEB004637C5 /* macOS.entitlements */,
			);
			path = macOS;
			sourceTree = "<group>";
		};
		0AE846D727F50BEB004637C5 /* Tests iOS */ = {
			isa = PBXGroup;
			children = (
				0AE846D827F50BEB004637C5 /* Tests_iOS.swift */,
				0AE846DA27F50BEB004637C5 /* Tests_iOSLaunchTests.swift */,
			);
			path = "Tests iOS";
			sourceTree = "<group>";
		};
		0AE846E327F50BEB004637C5 /* Tests macOS */ = {
			isa = PBXGroup;
			children = (
				0AE846E427F50BEB004637C5 /* Tests_macOS.swift */,
				0AE846E627F50BEB004637C5 /* Tests_macOSLaunchTests.swift */,
			);
			path = "Tests macOS";
			sourceTree = "<group>";
		};
/* End PBXGroup section */

/* Begin PBXNativeTarget section */
		0AE846C627F50BEB004637C5 /* Nuclearator (iOS) */ = {
			isa = PBXNativeTarget;
			buildConfigurationList = 0AE846F027F50BEB004637C5 /* Build configuration list for PBXNativeTarget "Nuclearator (iOS)" */;
			buildPhases = (
				0AE846C327F50BEB004637C5 /* Sources */,
				0AE846C427F50BEB004637C5 /* Frameworks */,
				0AE846C527F50BEB004637C5 /* Resources */,
			);
			buildRules = (
			);
			dependencies = (
			);
			name = "Nuclearator (iOS)";
			productName = "Nuclearator (iOS)";
			productReference = 0AE846C727F50BEB004637C5 /* Nuclearator.app */;
			productType = "com.apple.product-type.application";
		};
		0AE846CC27F50BEB004637C5 /* Nuclearator (macOS) */ = {
			isa = PBXNativeTarget;
			buildConfigurationList = 0AE846F327F50BEB004637C5 /* Build configuration list for PBXNativeTarget "Nuclearator (macOS)" */;
			buildPhases = (
				0AE846C927F50BEB004637C5 /* Sources */,
				0AE846CA27F50BEB004637C5 /* Frameworks */,
				0AE846CB27F50BEB004637C5 /* Resources */,
			);
			buildRules = (
			);
			dependencies = (
			);
			name = "Nuclearator (macOS)";
			productName = "Nuclearator (macOS)";
			productReference = 0AE846CD27F50BEB004637C5 /* Nuclearator.app */;
			productType = "com.apple.product-type.application";
		};
		0AE846D327F50BEB004637C5 /* Tests iOS */ = {
			isa = PBXNativeTarget;
			buildConfigurationList = 0AE846F627F50BEB004637C5 /* Build configuration list for PBXNativeTarget "Tests iOS" */;
			buildPhases = (
				0AE846D027F50BEB004637C5 /* Sources */,
				0AE846D127F50BEB004637C5 /* Frameworks */,
				0AE846D227F50BEB004637C5 /* Resources */,
			);
			buildRules = (
			);
			dependencies = (
				0AE846D627F50BEB004637C5 /* PBXTargetDependency */,
			);
			name = "Tests iOS";
			productName = "Tests iOS";
			productReference = 0AE846D427F50BEB004637C5 /* Tests iOS.xctest */;
			productType = "com.apple.product-type.bundle.ui-testing";
		};
		0AE846DF27F50BEB004637C5 /* Tests macOS */ = {
			isa = PBXNativeTarget;
			buildConfigurationList = 0AE846F927F50BEB004637C5 /* Build configuration list for PBXNativeTarget "Tests macOS" */;
			buildPhases = (
				0AE846DC27F50BEB004637C5 /* Sources */,
				0AE846DD27F50BEB004637C5 /* Frameworks */,
				0AE846DE27F50BEB004637C5 /* Resources */,
			);
			buildRules = (
			);
			dependencies = (
				0AE846E227F50BEB004637C5 /* PBXTargetDependency */,
			);
			name = "Tests macOS";
			productName = "Tests macOS";
			productReference = 0AE846E027F50BEB004637C5 /* Tests macOS.xctest */;
			productType = "com.apple.product-type.bundle.ui-testing";
		};
/* End PBXNativeTarget section */

/* Begin PBXProject section */
		0AE846BB27F50BE9004637C5 /* Project object */ = {
			isa = PBXProject;
			attributes = {
				BuildIndependentTargetsInParallel = 1;
				LastSwiftUpdateCheck = 1330;
				LastUpgradeCheck = 1330;
				TargetAttributes = {
					0AE846C627F50BEB004637C5 = {
						CreatedOnToolsVersion = 13.3;
					};
					0AE846CC27F50BEB004637C5 = {
						CreatedOnToolsVersion = 13.3;
					};
					0AE846D327F50BEB004637C5 = {
						CreatedOnToolsVersion = 13.3;
						TestTargetID = 0AE846C627F50BEB004637C5;
					};
					0AE846DF27F50BEB004637C5 = {
						CreatedOnToolsVersion = 13.3;
						TestTargetID = 0AE846CC27F50BEB004637C5;
					};
				};
			};
			buildConfigurationList = 0AE846BE27F50BE9004637C5 /* Build configuration list for PBXProject "Nuclearator" */;
			compatibilityVersion = "Xcode 13.0";
			developmentRegion = en;
			hasScannedForEncodings = 0;
			knownRegions = (
				en,
				Base,
			);
			mainGroup = 0AE846BA27F50BE9004637C5;
			productRefGroup = 0AE846C827F50BEB004637C5 /* Products */;
			projectDirPath = "";
			projectRoot = "";
			targets = (
				0AE846C627F50BEB004637C5 /* Nuclearator (iOS) */,
				0AE846CC27F50BEB004637C5 /* Nuclearator (macOS) */,
				0AE846D327F50BEB004637C5 /* Tests iOS */,
				0AE846DF27F50BEB004637C5 /* Tests macOS */,
			);
		};
/* End PBXProject section */

/* Begin PBXResourcesBuildPhase section */
		0AE846C527F50BEB004637C5 /* Resources */ = {
			isa = PBXResourcesBuildPhase;
			buildActionMask = 2147483647;
			files = (
				0AE846EC27F50BEB004637C5 /* Assets.xcassets in Resources */,
			);
			runOnlyForDeploymentPostprocessing = 0;
		};
		0AE846CB27F50BEB004637C5 /* Resources */ = {
			isa = PBXResourcesBuildPhase;
			buildActionMask = 2147483647;
			files = (
				0AE846ED27F50BEB004637C5 /* Assets.xcassets in Resources */,
			);
			runOnlyForDeploymentPostprocessing = 0;
		};
		0AE846D227F50BEB004637C5 /* Resources */ = {
			isa = PBXResourcesBuildPhase;
			buildActionMask = 2147483647;
			files = (
			);
			runOnlyForDeploymentPostprocessing = 0;
		};
		0AE846DE27F50BEB004637C5 /* Resources */ = {
			isa = PBXResourcesBuildPhase;
			buildActionMask = 2147483647;
			files = (
			);
			runOnlyForDeploymentPostprocessing = 0;
		};
/* End PBXResourcesBuildPhase section */

/* Begin PBXSourcesBuildPhase section */
		0AE846C327F50BEB004637C5 /* Sources */ = {
			isa = PBXSourcesBuildPhase;
			buildActionMask = 2147483647;
			files = (
				0AE846EA27F50BEB004637C5 /* ContentView.swift in Sources */,
				0AE846E827F50BEB004637C5 /* NuclearatorApp.swift in Sources */,
			);
			runOnlyForDeploymentPostprocessing = 0;
		};
		0AE846C927F50BEB004637C5 /* Sources */ = {
			isa = PBXSourcesBuildPhase;
			buildActionMask = 2147483647;
			files = (
				0AE846EB27F50BEB004637C5 /* ContentView.swift in Sources */,
				0AE846E927F50BEB004637C5 /* NuclearatorApp.swift in Sources */,
			);
			runOnlyForDeploymentPostprocessing = 0;
		};
		0AE846D027F50BEB004637C5 /* Sources */ = {
			isa = PBXSourcesBuildPhase;
			buildActionMask = 2147483647;
			files = (
				0AE846DB27F50BEB004637C5 /* Tests_iOSLaunchTests.swift in Sources */,
				0AE846D927F50BEB004637C5 /* Tests_iOS.swift in Sources */,
			);
			runOnlyForDeploymentPostprocessing = 0;
		};
		0AE846DC27F50BEB004637C5 /* Sources */ = {
			isa = PBXSourcesBuildPhase;
			buildActionMask = 2147483647;
			files = (
				0AE846E727F50BEB004637C5 /* Tests_macOSLaunchTests.swift in Sources */,
				0AE846E527F50BEB004637C5 /* Tests_macOS.swift in Sources */,
			);
			runOnlyForDeploymentPostprocessing = 0;
		};
/* End PBXSourcesBuildPhase section */

/* Begin PBXTargetDependency section */
		0AE846D627F50BEB004637C5 /* PBXTargetDependency */ = {
			isa = PBXTargetDependency;
			target = 0AE846C627F50BEB004637C5 /* Nuclearator (iOS) */;
			targetProxy = 0AE846D527F50BEB004637C5 /* PBXContainerItemProxy */;
		};
		0AE846E227F50BEB004637C5 /* PBXTargetDependency */ = {
			isa = PBXTargetDependency;
			target = 0AE846CC27F50BEB004637C5 /* Nuclearator (macOS) */;
			targetProxy = 0AE846E127F50BEB004637C5 /* PBXContainerItemProxy */;
		};
/* End PBXTargetDependency section */

/* Begin XCBuildConfiguration section */
		0AE846EE27F50BEB004637C5 /* Debug */ = {
			isa = XCBuildConfiguration;
			buildSettings = {
				ALWAYS_SEARCH_USER_PATHS = NO;
				CLANG_ANALYZER_NONNULL = YES;
				CLANG_ANALYZER_NUMBER_OBJECT_CONVERSION = YES_AGGRESSIVE;
				CLANG_CXX_LANGUAGE_STANDARD = "gnu++17";
				CLANG_ENABLE_MODULES = YES;
				CLANG_ENABLE_OBJC_ARC = YES;
				CLANG_ENABLE_OBJC_WEAK = YES;
				CLANG_WARN_BLOCK_CAPTURE_AUTORELEASING = YES;
				CLANG_WARN_BOOL_CONVERSION = YES;
				CLANG_WARN_COMMA = YES;
				CLANG_WARN_CONSTANT_CONVERSION = YES;
				CLANG_WARN_DEPRECATED_OBJC_IMPLEMENTATIONS = YES;
				CLANG_WARN_DIRECT_OBJC_ISA_USAGE = YES_ERROR;
				CLANG_WARN_DOCUMENTATION_COMMENTS = YES;
				CLANG_WARN_EMPTY_BODY = YES;
				CLANG_WARN_ENUM_CONVERSION = YES;
				CLANG_WARN_INFINITE_RECURSION = YES;
				CLANG_WARN_INT_CONVERSION = YES;
				CLANG_WARN_NON_LITERAL_NULL_CONVERSION = YES;
				CLANG_WARN_OBJC_IMPLICIT_RETAIN_SELF = YES;
				CLANG_WARN_OBJC_LITERAL_CONVERSION = YES;
				CLANG_WARN_OBJC_ROOT_CLASS = YES_ERROR;
				CLANG_WARN_QUOTED_INCLUDE_IN_FRAMEWORK_HEADER = YES;
				CLANG_WARN_RANGE_LOOP_ANALYSIS = YES;
				CLANG_WARN_STRICT_PROTOTYPES = YES;
				CLANG_WARN_SUSPICIOUS_MOVE = YES;
				CLANG_WARN_UNGUARDED_AVAILABILITY = YES_AGGRESSIVE;
				CLANG_WARN_UNREACHABLE_CODE = YES;
				CLANG_WARN__DUPLICATE_METHOD_MATCH = YES;
				COPY_PHASE_STRIP = NO;
				DEBUG_INFORMATION_FORMAT = dwarf;
				ENABLE_STRICT_OBJC_MSGSEND = YES;
				ENABLE_TESTABILITY = YES;
				GCC_C_LANGUAGE_STANDARD = gnu11;
				GCC_DYNAMIC_NO_PIC = NO;
				GCC_NO_COMMON_BLOCKS = YES;
				GCC_OPTIMIZATION_LEVEL = 0;
				GCC_PREPROCESSOR_DEFINITIONS = (
					"DEBUG=1",
					"$(inherited)",
				);
				GCC_WARN_64_TO_32_BIT_CONVERSION = YES;
				GCC_WARN_ABOUT_RETURN_TYPE = YES_ERROR;
				GCC_WARN_UNDECLARED_SELECTOR = YES;
				GCC_WARN_UNINITIALIZED_AUTOS = YES_AGGRESSIVE;
				GCC_WARN_UNUSED_FUNCTION = YES;
				GCC_WARN_UNUSED_VARIABLE = YES;
				MTL_ENABLE_DEBUG_INFO = INCLUDE_SOURCE;
				MTL_FAST_MATH = YES;
				ONLY_ACTIVE_ARCH = YES;
				SWIFT_ACTIVE_COMPILATION_CONDITIONS = DEBUG;
				SWIFT_OPTIMIZATION_LEVEL = "-Onone";
			};
			name = Debug;
		};
		0AE846EF27F50BEB004637C5 /* Release */ = {
			isa = XCBuildConfiguration;
			buildSettings = {
				ALWAYS_SEARCH_USER_PATHS = NO;
				CLANG_ANALYZER_NONNULL = YES;
				CLANG_ANALYZER_NUMBER_OBJECT_CONVERSION = YES_AGGRESSIVE;
				CLANG_CXX_LANGUAGE_STANDARD = "gnu++17";
				CLANG_ENABLE_MODULES = YES;
				CLANG_ENABLE_OBJC_ARC = YES;
				CLANG_ENABLE_OBJC_WEAK = YES;
				CLANG_WARN_BLOCK_CAPTURE_AUTORELEASING = YES;
				CLANG_WARN_BOOL_CONVERSION = YES;
				CLANG_WARN_COMMA = YES;
				CLANG_WARN_CONSTANT_CONVERSION = YES;
				CLANG_WARN_DEPRECATED_OBJC_IMPLEMENTATIONS = YES;
				CLANG_WARN_DIRECT_OBJC_ISA_USAGE = YES_ERROR;
				CLANG_WARN_DOCUMENTATION_COMMENTS = YES;
				CLANG_WARN_EMPTY_BODY = YES;
				CLANG_WARN_ENUM_CONVERSION = YES;
				CLANG_WARN_INFINITE_RECURSION = YES;
				CLANG_WARN_INT_CONVERSION = YES;
				CLANG_WARN_NON_LITERAL_NULL_CONVERSION = YES;
				CLANG_WARN_OBJC_IMPLICIT_RETAIN_SELF = YES;
				CLANG_WARN_OBJC_LITERAL_CONVERSION = YES;
				CLANG_WARN_OBJC_ROOT_CLASS = YES_ERROR;
				CLANG_WARN_QUOTED_INCLUDE_IN_FRAMEWORK_HEADER = YES;
				CLANG_WARN_RANGE_LOOP_ANALYSIS = YES;
				CLANG_WARN_STRICT_PROTOTYPES = YES;
				CLANG_WARN_SUSPICIOUS_MOVE = YES;
				CLANG_WARN_UNGUARDED_AVAILABILITY = YES_AGGRESSIVE;
				CLANG_WARN_UNREACHABLE_CODE = YES;
				CLANG_WARN__DUPLICATE_METHOD_MATCH = YES;
				COPY_PHASE_STRIP = NO;
				DEBUG_INFORMATION_FORMAT = "dwarf-with-dsym";
				ENABLE_NS_ASSERTIONS = NO;
				ENABLE_STRICT_OBJC_MSGSEND = YES;
				GCC_C_LANGUAGE_STANDARD = gnu11;
				GCC_NO_COMMON_BLOCKS = YES;
				GCC_WARN_64_TO_32_BIT_CONVERSION = YES;
				GCC_WARN_ABOUT_RETURN_TYPE = YES_ERROR;
				GCC_WARN_UNDECLARED_SELECTOR = YES;
				GCC_WARN_UNINITIALIZED_AUTOS = YES_AGGRESSIVE;
				GCC_WARN_UNUSED_FUNCTION = YES;
				GCC_WARN_UNUSED_VARIABLE = YES;
				MTL_ENABLE_DEBUG_INFO = NO;
				MTL_FAST_MATH = YES;
				SWIFT_COMPILATION_MODE = wholemodule;
				SWIFT_OPTIMIZATION_LEVEL = "-O";
			};
			name = Release;
		};
		0AE846F127F50BEB004637C5 /* Debug */ = {
			isa = XCBuildConfiguration;
			buildSettings = {
				ASSETCATALOG_COMPILER_APPICON_NAME = AppIcon;
				ASSETCATALOG_COMPILER_GLOBAL_ACCENT_COLOR_NAME = AccentColor;
				CODE_SIGN_STYLE = Automatic;
				CURRENT_PROJECT_VERSION = 1;
				DEVELOPMENT_TEAM = RV78ENMXZ2;
				ENABLE_PREVIEWS = YES;
				GENERATE_INFOPLIST_FILE = YES;
				INFOPLIST_KEY_UIApplicationSceneManifest_Generation = YES;
				INFOPLIST_KEY_UIApplicationSupportsIndirectInputEvents = YES;
				INFOPLIST_KEY_UILaunchScreen_Generation = YES;
				INFOPLIST_KEY_UISupportedInterfaceOrientations_iPad = "UIInterfaceOrientationPortrait UIInterfaceOrientationPortraitUpsideDown UIInterfaceOrientationLandscapeLeft UIInterfaceOrientationLandscapeRight";
				INFOPLIST_KEY_UISupportedInterfaceOrientations_iPhone = "UIInterfaceOrientationPortrait UIInterfaceOrientationLandscapeLeft UIInterfaceOrientationLandscapeRight";
				IPHONEOS_DEPLOYMENT_TARGET = 15.4;
				LD_RUNPATH_SEARCH_PATHS = (
					"$(inherited)",
					"@executable_path/Frameworks",
				);
				MARKETING_VERSION = 1.0;
				PRODUCT_BUNDLE_IDENTIFIER = luckdev.Nuclearator;
				PRODUCT_NAME = Nuclearator;
				SDKROOT = iphoneos;
				SWIFT_EMIT_LOC_STRINGS = YES;
				SWIFT_VERSION = 5.0;
				TARGETED_DEVICE_FAMILY = "1,2";
			};
			name = Debug;
		};
		0AE846F227F50BEB004637C5 /* Release */ = {
			isa = XCBuildConfiguration;
			buildSettings = {
				ASSETCATALOG_COMPILER_APPICON_NAME = AppIcon;
				ASSETCATALOG_COMPILER_GLOBAL_ACCENT_COLOR_NAME = AccentColor;
				CODE_SIGN_STYLE = Automatic;
				CURRENT_PROJECT_VERSION = 1;
				DEVELOPMENT_TEAM = RV78ENMXZ2;
				ENABLE_PREVIEWS = YES;
				GENERATE_INFOPLIST_FILE = YES;
				INFOPLIST_KEY_UIApplicationSceneManifest_Generation = YES;
				INFOPLIST_KEY_UIApplicationSupportsIndirectInputEvents = YES;
				INFOPLIST_KEY_UILaunchScreen_Generation = YES;
				INFOPLIST_KEY_UISupportedInterfaceOrientations_iPad = "UIInterfaceOrientationPortrait UIInterfaceOrientationPortraitUpsideDown UIInterfaceOrientationLandscapeLeft UIInterfaceOrientationLandscapeRight";
				INFOPLIST_KEY_UISupportedInterfaceOrientations_iPhone = "UIInterfaceOrientationPortrait UIInterfaceOrientationLandscapeLeft UIInterfaceOrientationLandscapeRight";
				IPHONEOS_DEPLOYMENT_TARGET = 15.4;
				LD_RUNPATH_SEARCH_PATHS = (
					"$(inherited)",
					"@executable_path/Frameworks",
				);
				MARKETING_VERSION = 1.0;
				PRODUCT_BUNDLE_IDENTIFIER = luckdev.Nuclearator;
				PRODUCT_NAME = Nuclearator;
				SDKROOT = iphoneos;
				SWIFT_EMIT_LOC_STRINGS = YES;
				SWIFT_VERSION = 5.0;
				TARGETED_DEVICE_FAMILY = "1,2";
				VALIDATE_PRODUCT = YES;
			};
			name = Release;
		};
		0AE846F427F50BEB004637C5 /* Debug */ = {
			isa = XCBuildConfiguration;
			buildSettings = {
				ASSETCATALOG_COMPILER_APPICON_NAME = AppIcon;
				ASSETCATALOG_COMPILER_GLOBAL_ACCENT_COLOR_NAME = AccentColor;
				CODE_SIGN_ENTITLEMENTS = macOS/macOS.entitlements;
				CODE_SIGN_STYLE = Automatic;
				COMBINE_HIDPI_IMAGES = YES;
				CURRENT_PROJECT_VERSION = 1;
				DEVELOPMENT_TEAM = RV78ENMXZ2;
				ENABLE_HARDENED_RUNTIME = YES;
				ENABLE_PREVIEWS = YES;
				GENERATE_INFOPLIST_FILE = YES;
				INFOPLIST_KEY_NSHumanReadableCopyright = "";
				LD_RUNPATH_SEARCH_PATHS = (
					"$(inherited)",
					"@executable_path/../Frameworks",
				);
				MACOSX_DEPLOYMENT_TARGET = 12.2;
				MARKETING_VERSION = 1.0;
				PRODUCT_BUNDLE_IDENTIFIER = luckdev.Nuclearator;
				PRODUCT_NAME = Nuclearator;
				SDKROOT = macosx;
				SWIFT_EMIT_LOC_STRINGS = YES;
				SWIFT_VERSION = 5.0;
			};
			name = Debug;
		};
		0AE846F527F50BEB004637C5 /* Release */ = {
			isa = XCBuildConfiguration;
			buildSettings = {
				ASSETCATALOG_COMPILER_APPICON_NAME = AppIcon;
				ASSETCATALOG_COMPILER_GLOBAL_ACCENT_COLOR_NAME = AccentColor;
				CODE_SIGN_ENTITLEMENTS = macOS/macOS.entitlements;
				CODE_SIGN_STYLE = Automatic;
				COMBINE_HIDPI_IMAGES = YES;
				CURRENT_PROJECT_VERSION = 1;
				DEVELOPMENT_TEAM = RV78ENMXZ2;
				ENABLE_HARDENED_RUNTIME = YES;
				ENABLE_PREVIEWS = YES;
				GENERATE_INFOPLIST_FILE = YES;
				INFOPLIST_KEY_NSHumanReadableCopyright = "";
				LD_RUNPATH_SEARCH_PATHS = (
					"$(inherited)",
					"@executable_path/../Frameworks",
				);
				MACOSX_DEPLOYMENT_TARGET = 12.2;
				MARKETING_VERSION = 1.0;
				PRODUCT_BUNDLE_IDENTIFIER = luckdev.Nuclearator;
				PRODUCT_NAME = Nuclearator;
				SDKROOT = macosx;
				SWIFT_EMIT_LOC_STRINGS = YES;
				SWIFT_VERSION = 5.0;
			};
			name = Release;
		};
		0AE846F727F50BEB004637C5 /* Debug */ = {
			isa = XCBuildConfiguration;
			buildSettings = {
				ALWAYS_EMBED_SWIFT_STANDARD_LIBRARIES = YES;
				CODE_SIGN_STYLE = Automatic;
				CURRENT_PROJECT_VERSION = 1;
				DEVELOPMENT_TEAM = RV78ENMXZ2;
				GENERATE_INFOPLIST_FILE = YES;
				IPHONEOS_DEPLOYMENT_TARGET = 15.4;
				MARKETING_VERSION = 1.0;
				PRODUCT_BUNDLE_IDENTIFIER = "luckdev.Tests-iOS";
				PRODUCT_NAME = "$(TARGET_NAME)";
				SDKROOT = iphoneos;
				SWIFT_EMIT_LOC_STRINGS = NO;
				SWIFT_VERSION = 5.0;
				TARGETED_DEVICE_FAMILY = "1,2";
				TEST_TARGET_NAME = "Nuclearator (iOS)";
			};
			name = Debug;
		};
		0AE846F827F50BEB004637C5 /* Release */ = {
			isa = XCBuildConfiguration;
			buildSettings = {
				ALWAYS_EMBED_SWIFT_STANDARD_LIBRARIES = YES;
				CODE_SIGN_STYLE = Automatic;
				CURRENT_PROJECT_VERSION = 1;
				DEVELOPMENT_TEAM = RV78ENMXZ2;
				GENERATE_INFOPLIST_FILE = YES;
				IPHONEOS_DEPLOYMENT_TARGET = 15.4;
				MARKETING_VERSION = 1.0;
				PRODUCT_BUNDLE_IDENTIFIER = "luckdev.Tests-iOS";
				PRODUCT_NAME = "$(TARGET_NAME)";
				SDKROOT = iphoneos;
				SWIFT_EMIT_LOC_STRINGS = NO;
				SWIFT_VERSION = 5.0;
				TARGETED_DEVICE_FAMILY = "1,2";
				TEST_TARGET_NAME = "Nuclearator (iOS)";
				VALIDATE_PRODUCT = YES;
			};
			name = Release;
		};
		0AE846FA27F50BEB004637C5 /* Debug */ = {
			isa = XCBuildConfiguration;
			buildSettings = {
				ALWAYS_EMBED_SWIFT_STANDARD_LIBRARIES = YES;
				CODE_SIGN_STYLE = Automatic;
				CURRENT_PROJECT_VERSION = 1;
				DEVELOPMENT_TEAM = RV78ENMXZ2;
				GENERATE_INFOPLIST_FILE = YES;
				MACOSX_DEPLOYMENT_TARGET = 12.2;
				MARKETING_VERSION = 1.0;
				PRODUCT_BUNDLE_IDENTIFIER = "luckdev.Tests-macOS";
				PRODUCT_NAME = "$(TARGET_NAME)";
				SDKROOT = macosx;
				SWIFT_EMIT_LOC_STRINGS = NO;
				SWIFT_VERSION = 5.0;
				TEST_TARGET_NAME = "Nuclearator (macOS)";
			};
			name = Debug;
		};
		0AE846FB27F50BEB004637C5 /* Release */ = {
			isa = XCBuildConfiguration;
			buildSettings = {
				ALWAYS_EMBED_SWIFT_STANDARD_LIBRARIES = YES;
				CODE_SIGN_STYLE = Automatic;
				CURRENT_PROJECT_VERSION = 1;
				DEVELOPMENT_TEAM = RV78ENMXZ2;
				GENERATE_INFOPLIST_FILE = YES;
				MACOSX_DEPLOYMENT_TARGET = 12.2;
				MARKETING_VERSION = 1.0;
				PRODUCT_BUNDLE_IDENTIFIER = "luckdev.Tests-macOS";
				PRODUCT_NAME = "$(TARGET_NAME)";
				SDKROOT = macosx;
				SWIFT_EMIT_LOC_STRINGS = NO;
				SWIFT_VERSION = 5.0;
				TEST_TARGET_NAME = "Nuclearator (macOS)";
			};
			name = Release;
		};
/* End XCBuildConfiguration section */

/* Begin XCConfigurationList section */
		0AE846BE27F50BE9004637C5 /* Build configuration list for PBXProject "Nuclearator" */ = {
			isa = XCConfigurationList;
			buildConfigurations = (
				0AE846EE27F50BEB004637C5 /* Debug */,
				0AE846EF27F50BEB004637C5 /* Release */,
			);
			defaultConfigurationIsVisible = 0;
			defaultConfigurationName = Release;
		};
		0AE846F027F50BEB004637C5 /* Build configuration list for PBXNativeTarget "Nuclearator (iOS)" */ = {
			isa = XCConfigurationList;
			buildConfigurations = (
				0AE846F127F50BEB004637C5 /* Debug */,
				0AE846F227F50BEB004637C5 /* Release */,
			);
			defaultConfigurationIsVisible = 0;
			defaultConfigurationName = Release;
		};
		0AE846F327F50BEB004637C5 /* Build configuration list for PBXNativeTarget "Nuclearator (macOS)" */ = {
			isa = XCConfigurationList;
			buildConfigurations = (
				0AE846F427F50BEB004637C5 /* Debug */,
				0AE846F527F50BEB004637C5 /* Release */,
			);
			defaultConfigurationIsVisible = 0;
			defaultConfigurationName = Release;
		};
		0AE846F627F50BEB004637C5 /* Build configuration list for PBXNativeTarget "Tests iOS" */ = {
			isa = XCConfigurationList;
			buildConfigurations = (
				0AE846F727F50BEB004637C5 /* Debug */,
				0AE846F827F50BEB004637C5 /* Release */,
			);
			defaultConfigurationIsVisible = 0;
			defaultConfigurationName = Release;
		};
		0AE846F927F50BEB004637C5 /* Build configuration list for PBXNativeTarget "Tests macOS" */ = {
			isa = XCConfigurationList;
			buildConfigurations = (
				0AE846FA27F50BEB004637C5 /* Debug */,
				0AE846FB27F50BEB004637C5 /* Release */,
			);
			defaultConfigurationIsVisible = 0;
			defaultConfigurationName = Release;
		};
/* End XCConfigurationList section */
	};
	rootObject = 0AE846BB27F50BE9004637C5 /* Project object */;
}
